
Microsoft Visual Studio Solution File, Format Version 11.00
# Visual Studio 2010
Project("{FAE04EC0-301F-11D3-BF4B-00C04F79EFBC}") = "TimelineUnityCode", "Assembly-CSharp.csproj", "{FFE2629E-669D-55BD-644A-960D0225E505}"
EndProject
Project("{FAE04EC0-301F-11D3-BF4B-00C04F79EFBC}") = "TimelineUnityCode", "Assembly-CSharp-Editor.csproj", "{6B6DE895-C3F6-8F81-FB2A-D78702F27B56}"
EndProject
Global
	GlobalSection(SolutionConfigurationPlatforms) = preSolution
		Debug|Any CPU = Debug|Any CPU
		Release|Any CPU = Release|Any CPU
	EndGlobalSection
	GlobalSection(ProjectConfigurationPlatforms) = postSolution
		{FFE2629E-669D-55BD-644A-960D0225E505}.Debug|Any CPU.ActiveCfg = Debug|Any CPU
		{FFE2629E-669D-55BD-644A-960D0225E505}.Debug|Any CPU.Build.0 = Debug|Any CPU
		{FFE2629E-669D-55BD-644A-960D0225E505}.Release|Any CPU.ActiveCfg = Release|Any CPU
		{FFE2629E-669D-55BD-644A-960D0225E505}.Release|Any CPU.Build.0 = Release|Any CPU
		{6B6DE895-C3F6-8F81-FB2A-D78702F27B56}.Debug|Any CPU.ActiveCfg = Debug|Any CPU
		{6B6DE895-C3F6-8F81-FB2A-D78702F27B56}.Debug|Any CPU.Build.0 = Debug|Any CPU
		{6B6DE895-C3F6-8F81-FB2A-D78702F27B56}.Release|Any CPU.ActiveCfg = Release|Any CPU
		{6B6DE895-C3F6-8F81-FB2A-D78702F27B56}.Release|Any CPU.Build.0 = Release|Any CPU
	EndGlobalSection
	GlobalSection(SolutionProperties) = preSolution
		HideSolutionNode = FALSE
	EndGlobalSection
	GlobalSection(MonoDevelopProperties) = preSolution
		StartupItem = Assembly-CSharp.csproj
	EndGlobalSection
EndGlobal
